lockfileVersion: '9.0'

settings:
  autoInstallPeers: true
  excludeLinksFromLockfile: false

overrides:
  fast-xml-parser@<5.3.6: ^5.3.6

importers:

  .:
    dependencies:
      '@redocly/cli':
        specifier: 2.34.0
        version: 2.34.0
      es-toolkit:
        specifier: ^1.47.1
        version: 1.47.1

packages:

  '@redocly/cli@2.34.0':
    resolution: {integrity: sha512-wlEy03fyf+xrEatHbSSLFGP7T8slYwyJHO6xooArvUOntiGRMPuTGivaSPhxx+f2bFhe69zDDzDy51+CsvJ/zw==}
    engines: {node: '>=22.12.0 || >=20.19.0 <21.0.0', npm: '>=10'}
    hasBin: true

  es-toolkit@1.47.1:
    resolution: {integrity: sha512-5RAqEwf4P4E17p+W75KLOWw/nOvKZzSQpxM32IpI2KZLaVonjTrZ0Ai5ghMaVI9eKC2p8eoQgcBdkEDgzFk6+Q==}

snapshots:

  '@redocly/cli@2.34.0': {}

  es-toolkit@1.47.1: {}
