lockfileVersion: '9.0'

settings:
  autoInstallPeers: true
  excludeLinksFromLockfile: false

overrides:
  fast-xml-parser@<5.3.6: ^5.3.6

importers:

  .:
    dependencies:
      '@redocly/cli':
        specifier: 2.47.0
        version: 2.47.0
      es-toolkit:
        specifier: ^1.52.0
        version: 1.52.0
      js-yaml:
        specifier: ^5.4.1
        version: 5.4.1

packages:

  '@redocly/cli@2.47.0':
    resolution: {integrity: sha512-4sv638LZxiUSsNGqfWPzA2hrNM4KrNRc9jOaH9igqDJlZimiGCYliVpbdrWvfL/YlaSnIBpJE1O1CveXDYTTWw==}
    engines: {node: '>=22.12.0 || >=20.19.0 <21.0.0', npm: '>=10'}
    hasBin: true

  argparse@2.0.1:
    resolution: {integrity: sha512-8+9WqebbFzpX9OR+Wa6O29asIogeRMzcGtAINdpMHHyAg10f05aSFVBbcEqGf/PXw1EjAZ+q2/bEBg3DvurK3Q==}

  es-toolkit@1.52.0:
    resolution: {integrity: sha512-XTNEJQh1tY1ZJVcf6ayP/2n4ZPyaHlW2FWs7xvw5ddPuhUVjLD3olQVQS7kf58JbAB48iL0uL/jerTrjtV3lDA==}

  js-yaml@5.4.1:
    resolution: {integrity: sha512-28R/k+NAjeuf7+CKlTxWZVExJGwVVLwY06DgEnOMz2gEpfNkDcD7QvyiVPT0xy0XXhU8vHsd4Ot42OOPdJG7dQ==}
    hasBin: true

snapshots:

  '@redocly/cli@2.47.0': {}

  argparse@2.0.1: {}

  es-toolkit@1.52.0: {}

  js-yaml@5.4.1:
    dependencies:
      argparse: 2.0.1
