lockfileVersion: '9.0'

settings:
  autoInstallPeers: true
  excludeLinksFromLockfile: false

overrides:
  fast-xml-parser@<5.3.6: ^5.3.6

importers:

  .:
    dependencies:
      '@redocly/cli':
        specifier: 2.43.2
        version: 2.43.2
      es-toolkit:
        specifier: ^1.50.0
        version: 1.50.0

packages:

  '@redocly/cli@2.43.2':
    resolution: {integrity: sha512-0rPTyFiYWw4nDQgvGC/M0iwQSAuk+X42Bn3mFNTNLVllIsYDG2W3nFVkdNGqTBiR8C/8e7XrF0n3DZq8fDvZvg==}
    engines: {node: '>=22.12.0 || >=20.19.0 <21.0.0', npm: '>=10'}
    hasBin: true

  es-toolkit@1.50.0:
    resolution: {integrity: sha512-OyZKhUVvEep9ITEiwHn8GKnMRQIVqoSIX7WnRbkWgJkllCujilqP2rD0u979tkl8wqyc8ICwlc1UBVv/Sl1G6w==}

snapshots:

  '@redocly/cli@2.43.2': {}

  es-toolkit@1.50.0: {}
